
Microsoft Visual Studio Solution File, Format Version 12.00
# Visual Studio Version 17
VisualStudioVersion = 17.14.36518.9 d17.14
MinimumVisualStudioVersion = 10.0.40219.1
Project("{FAE04EC0-301F-11D3-BF4B-00C04F79EFBC}") = "Intern001", "Intern001\Intern001.csproj", "{004791D3-9052-4E48-A6D3-4C833C5AECD5}"
EndProject
Global
	GlobalSection(SolutionConfigurationPlatforms) = preSolution
		Debug|Any CPU = Debug|Any CPU
		Release|Any CPU = Release|Any CPU
	EndGlobalSection
	GlobalSection(ProjectConfigurationPlatforms) = postSolution
		{004791D3-9052-4E48-A6D3-4C833C5AECD5}.Debug|Any CPU.ActiveCfg = Debug|Any CPU
		{004791D3-9052-4E48-A6D3-4C833C5AECD5}.Debug|Any CPU.Build.0 = Debug|Any CPU
		{004791D3-9052-4E48-A6D3-4C833C5AECD5}.Release|Any CPU.ActiveCfg = Release|Any CPU
		{004791D3-9052-4E48-A6D3-4C833C5AECD5}.Release|Any CPU.Build.0 = Release|Any CPU
	EndGlobalSection
	GlobalSection(SolutionProperties) = preSolution
		HideSolutionNode = FALSE
	EndGlobalSection
	GlobalSection(ExtensibilityGlobals) = postSolution
		SolutionGuid = {8E771CBC-5156-4385-A55E-A2996E8999CA}
	EndGlobalSection
EndGlobal
